
Microsoft Visual Studio Solution File, Format Version 12.00
# Visual Studio 15
VisualStudioVersion = 15.0.27004.2008
MinimumVisualStudioVersion = 10.0.40219.1
Project("{FAE04EC0-301F-11D3-BF4B-00C04F79EFBC}") = "SPCoder.WinApp.2016", "SPCoder.WinApp\SPCoder.WinApp.2016.csproj", "{281E6966-7FDE-4D9C-A167-48E26BA3EDB5}"
EndProject
Project("{FAE04EC0-301F-11D3-BF4B-00C04F79EFBC}") = "SPCoder.SharePoint.Client", "SPCoder.SharePoint.Client\SPCoder.SharePoint.Client.csproj", "{255A1D98-A7CC-451A-AC11-A4CC9F174BBD}"
EndProject
Project("{FAE04EC0-301F-11D3-BF4B-00C04F79EFBC}") = "SPCoder.Core", "SPCoder.Core\SPCoder.Core.csproj", "{4C10CEBC-AFA4-425A-A87C-CA04C8BC2D88}"
EndProject
Project("{FAE04EC0-301F-11D3-BF4B-00C04F79EFBC}") = "SPCoder.FileSystem", "SPCoder.FileSystem\SPCoder.FileSystem.csproj", "{63FDF3F5-BB6D-4459-9F83-C64DE73B4484}"
EndProject
Project("{FAE04EC0-301F-11D3-BF4B-00C04F79EFBC}") = "SPCoder.Web", "SPCoder.Web\SPCoder.Web.csproj", "{9FFBAFCB-2892-4F84-9DD1-67BE7CC67BB0}"
EndProject
Project("{FAE04EC0-301F-11D3-BF4B-00C04F79EFBC}") = "SPCoder.Github", "SPCoder.Github\SPCoder.Github.csproj", "{978149EA-1411-494D-8C27-CFF1C40F1BD6}"
EndProject
Project("{FAE04EC0-301F-11D3-BF4B-00C04F79EFBC}") = "SPCoder.RunnerApp", "SPCoder.RunnerApp\SPCoder.RunnerApp.csproj", "{F30ABA79-A45A-428C-ADB2-3FC538F3E255}"
EndProject
Project("{FAE04EC0-301F-11D3-BF4B-00C04F79EFBC}") = "SPCoder.DotNetPerls", "SPCoder.DotNetPerls\SPCoder.DotNetPerls.csproj", "{401282E0-C0B5-4F68-B77D-46D215A4228F}"
EndProject
Global
	GlobalSection(SolutionConfigurationPlatforms) = preSolution
		Debug|Any CPU = Debug|Any CPU
		Debug|x64 = Debug|x64
		Debug15|Any CPU = Debug15|Any CPU
		Debug15|x64 = Debug15|x64
		Debug16|Any CPU = Debug16|Any CPU
		Debug16|x64 = Debug16|x64
		Debug19|Any CPU = Debug19|Any CPU
		Debug19|x64 = Debug19|x64
		Release|Any CPU = Release|Any CPU
		Release|x64 = Release|x64
		Release15|Any CPU = Release15|Any CPU
		Release15|x64 = Release15|x64
		Release16|Any CPU = Release16|Any CPU
		Release16|x64 = Release16|x64
		Release19|Any CPU = Release19|Any CPU
		Release19|x64 = Release19|x64
	EndGlobalSection
	GlobalSection(ProjectConfigurationPlatforms) = postSolution
		{281E6966-7FDE-4D9C-A167-48E26BA3EDB5}.Debug|Any CPU.ActiveCfg = Debug|Any CPU
		{281E6966-7FDE-4D9C-A167-48E26BA3EDB5}.Debug|Any CPU.Build.0 = Debug|Any CPU
		{281E6966-7FDE-4D9C-A167-48E26BA3EDB5}.Debug|x64.ActiveCfg = Debug|Any CPU
		{281E6966-7FDE-4D9C-A167-48E26BA3EDB5}.Debug|x64.Build.0 = Debug|Any CPU
		{281E6966-7FDE-4D9C-A167-48E26BA3EDB5}.Debug15|Any CPU.ActiveCfg = Debug|Any CPU
		{281E6966-7FDE-4D9C-A167-48E26BA3EDB5}.Debug15|Any CPU.Build.0 = Debug|Any CPU
		{281E6966-7FDE-4D9C-A167-48E26BA3EDB5}.Debug15|x64.ActiveCfg = Debug|x64
		{281E6966-7FDE-4D9C-A167-48E26BA3EDB5}.Debug15|x64.Build.0 = Debug|x64
		{281E6966-7FDE-4D9C-A167-48E26BA3EDB5}.Debug16|Any CPU.ActiveCfg = Debug|Any CPU
		{281E6966-7FDE-4D9C-A167-48E26BA3EDB5}.Debug16|Any CPU.Build.0 = Debug|Any CPU
		{281E6966-7FDE-4D9C-A167-48E26BA3EDB5}.Debug16|x64.ActiveCfg = Debug|x64
		{281E6966-7FDE-4D9C-A167-48E26BA3EDB5}.Debug16|x64.Build.0 = Debug|x64
		{281E6966-7FDE-4D9C-A167-48E26BA3EDB5}.Debug19|Any CPU.ActiveCfg = Debug|Any CPU
		{281E6966-7FDE-4D9C-A167-48E26BA3EDB5}.Debug19|Any CPU.Build.0 = Debug|Any CPU
		{281E6966-7FDE-4D9C-A167-48E26BA3EDB5}.Debug19|x64.ActiveCfg = Debug|x64
		{281E6966-7FDE-4D9C-A167-48E26BA3EDB5}.Debug19|x64.Build.0 = Debug|x64
		{281E6966-7FDE-4D9C-A167-48E26BA3EDB5}.Release|Any CPU.ActiveCfg = Release|Any CPU
		{281E6966-7FDE-4D9C-A167-48E26BA3EDB5}.Release|Any CPU.Build.0 = Release|Any CPU
		{281E6966-7FDE-4D9C-A167-48E26BA3EDB5}.Release|x64.ActiveCfg = Release|x64
		{281E6966-7FDE-4D9C-A167-48E26BA3EDB5}.Release|x64.Build.0 = Release|x64
		{281E6966-7FDE-4D9C-A167-48E26BA3EDB5}.Release15|Any CPU.ActiveCfg = Release|Any CPU
		{281E6966-7FDE-4D9C-A167-48E26BA3EDB5}.Release15|Any CPU.Build.0 = Release|Any CPU
		{281E6966-7FDE-4D9C-A167-48E26BA3EDB5}.Release15|x64.ActiveCfg = Release|x64
		{281E6966-7FDE-4D9C-A167-48E26BA3EDB5}.Release15|x64.Build.0 = Release|x64
		{281E6966-7FDE-4D9C-A167-48E26BA3EDB5}.Release16|Any CPU.ActiveCfg = Release|Any CPU
		{281E6966-7FDE-4D9C-A167-48E26BA3EDB5}.Release16|Any CPU.Build.0 = Release|Any CPU
		{281E6966-7FDE-4D9C-A167-48E26BA3EDB5}.Release16|x64.ActiveCfg = Release|x64
		{281E6966-7FDE-4D9C-A167-48E26BA3EDB5}.Release16|x64.Build.0 = Release|x64
		{281E6966-7FDE-4D9C-A167-48E26BA3EDB5}.Release19|Any CPU.ActiveCfg = Release|Any CPU
		{281E6966-7FDE-4D9C-A167-48E26BA3EDB5}.Release19|Any CPU.Build.0 = Release|Any CPU
		{281E6966-7FDE-4D9C-A167-48E26BA3EDB5}.Release19|x64.ActiveCfg = Release|x64
		{281E6966-7FDE-4D9C-A167-48E26BA3EDB5}.Release19|x64.Build.0 = Release|x64
		{255A1D98-A7CC-451A-AC11-A4CC9F174BBD}.Debug|Any CPU.ActiveCfg = Debug|Any CPU
		{255A1D98-A7CC-451A-AC11-A4CC9F174BBD}.Debug|Any CPU.Build.0 = Debug|Any CPU
		{255A1D98-A7CC-451A-AC11-A4CC9F174BBD}.Debug|x64.ActiveCfg = Debug|Any CPU
		{255A1D98-A7CC-451A-AC11-A4CC9F174BBD}.Debug15|Any CPU.ActiveCfg = Debug|Any CPU
		{255A1D98-A7CC-451A-AC11-A4CC9F174BBD}.Debug15|Any CPU.Build.0 = Debug|Any CPU
		{255A1D98-A7CC-451A-AC11-A4CC9F174BBD}.Debug15|x64.ActiveCfg = Debug|Any CPU
		{255A1D98-A7CC-451A-AC11-A4CC9F174BBD}.Debug15|x64.Build.0 = Debug|Any CPU
		{255A1D98-A7CC-451A-AC11-A4CC9F174BBD}.Debug16|Any CPU.ActiveCfg = Debug|Any CPU
		{255A1D98-A7CC-451A-AC11-A4CC9F174BBD}.Debug16|Any CPU.Build.0 = Debug|Any CPU
		{255A1D98-A7CC-451A-AC11-A4CC9F174BBD}.Debug16|x64.ActiveCfg = Debug|Any CPU
		{255A1D98-A7CC-451A-AC11-A4CC9F174BBD}.Debug16|x64.Build.0 = Debug|Any CPU
		{255A1D98-A7CC-451A-AC11-A4CC9F174BBD}.Debug19|Any CPU.ActiveCfg = Debug|Any CPU
		{255A1D98-A7CC-451A-AC11-A4CC9F174BBD}.Debug19|Any CPU.Build.0 = Debug|Any CPU
		{255A1D98-A7CC-451A-AC11-A4CC9F174BBD}.Debug19|x64.ActiveCfg = Debug|Any CPU
		{255A1D98-A7CC-451A-AC11-A4CC9F174BBD}.Debug19|x64.Build.0 = Debug|Any CPU
		{255A1D98-A7CC-451A-AC11-A4CC9F174BBD}.Release|Any CPU.ActiveCfg = Release|Any CPU
		{255A1D98-A7CC-451A-AC11-A4CC9F174BBD}.Release|Any CPU.Build.0 = Release|Any CPU
		{255A1D98-A7CC-451A-AC11-A4CC9F174BBD}.Release|x64.ActiveCfg = Release|Any CPU
		{255A1D98-A7CC-451A-AC11-A4CC9F174BBD}.Release15|Any CPU.ActiveCfg = Release|Any CPU
		{255A1D98-A7CC-451A-AC11-A4CC9F174BBD}.Release15|Any CPU.Build.0 = Release|Any CPU
		{255A1D98-A7CC-451A-AC11-A4CC9F174BBD}.Release15|x64.ActiveCfg = Release|Any CPU
		{255A1D98-A7CC-451A-AC11-A4CC9F174BBD}.Release15|x64.Build.0 = Release|Any CPU
		{255A1D98-A7CC-451A-AC11-A4CC9F174BBD}.Release16|Any CPU.ActiveCfg = Release|Any CPU
		{255A1D98-A7CC-451A-AC11-A4CC9F174BBD}.Release16|Any CPU.Build.0 = Release|Any CPU
		{255A1D98-A7CC-451A-AC11-A4CC9F174BBD}.Release16|x64.ActiveCfg = Release|Any CPU
		{255A1D98-A7CC-451A-AC11-A4CC9F174BBD}.Release16|x64.Build.0 = Release|Any CPU
		{255A1D98-A7CC-451A-AC11-A4CC9F174BBD}.Release19|Any CPU.ActiveCfg = Release|Any CPU
		{255A1D98-A7CC-451A-AC11-A4CC9F174BBD}.Release19|Any CPU.Build.0 = Release|Any CPU
		{255A1D98-A7CC-451A-AC11-A4CC9F174BBD}.Release19|x64.ActiveCfg = Release|Any CPU
		{255A1D98-A7CC-451A-AC11-A4CC9F174BBD}.Release19|x64.Build.0 = Release|Any CPU
		{4C10CEBC-AFA4-425A-A87C-CA04C8BC2D88}.Debug|Any CPU.ActiveCfg = Debug|Any CPU
		{4C10CEBC-AFA4-425A-A87C-CA04C8BC2D88}.Debug|Any CPU.Build.0 = Debug|Any CPU
		{4C10CEBC-AFA4-425A-A87C-CA04C8BC2D88}.Debug|x64.ActiveCfg = Debug|Any CPU
		{4C10CEBC-AFA4-425A-A87C-CA04C8BC2D88}.Debug15|Any CPU.ActiveCfg = Debug|Any CPU
		{4C10CEBC-AFA4-425A-A87C-CA04C8BC2D88}.Debug15|Any CPU.Build.0 = Debug|Any CPU
		{4C10CEBC-AFA4-425A-A87C-CA04C8BC2D88}.Debug15|x64.ActiveCfg = Debug|Any CPU
		{4C10CEBC-AFA4-425A-A87C-CA04C8BC2D88}.Debug15|x64.Build.0 = Debug|Any CPU
		{4C10CEBC-AFA4-425A-A87C-CA04C8BC2D88}.Debug16|Any CPU.ActiveCfg = Debug|Any CPU
		{4C10CEBC-AFA4-425A-A87C-CA04C8BC2D88}.Debug16|Any CPU.Build.0 = Debug|Any CPU
		{4C10CEBC-AFA4-425A-A87C-CA04C8BC2D88}.Debug16|x64.ActiveCfg = Debug|Any CPU
		{4C10CEBC-AFA4-425A-A87C-CA04C8BC2D88}.Debug16|x64.Build.0 = Debug|Any CPU
		{4C10CEBC-AFA4-425A-A87C-CA04C8BC2D88}.Debug19|Any CPU.ActiveCfg = Debug|Any CPU
		{4C10CEBC-AFA4-425A-A87C-CA04C8BC2D88}.Debug19|Any CPU.Build.0 = Debug|Any CPU
		{4C10CEBC-AFA4-425A-A87C-CA04C8BC2D88}.Debug19|x64.ActiveCfg = Debug|Any CPU
		{4C10CEBC-AFA4-425A-A87C-CA04C8BC2D88}.Debug19|x64.Build.0 = Debug|Any CPU
		{4C10CEBC-AFA4-425A-A87C-CA04C8BC2D88}.Release|Any CPU.ActiveCfg = Release|Any CPU
		{4C10CEBC-AFA4-425A-A87C-CA04C8BC2D88}.Release|Any CPU.Build.0 = Release|Any CPU
		{4C10CEBC-AFA4-425A-A87C-CA04C8BC2D88}.Release|x64.ActiveCfg = Release|Any CPU
		{4C10CEBC-AFA4-425A-A87C-CA04C8BC2D88}.Release15|Any CPU.ActiveCfg = Release|Any CPU
		{4C10CEBC-AFA4-425A-A87C-CA04C8BC2D88}.Release15|Any CPU.Build.0 = Release|Any CPU
		{4C10CEBC-AFA4-425A-A87C-CA04C8BC2D88}.Release15|x64.ActiveCfg = Release|Any CPU
		{4C10CEBC-AFA4-425A-A87C-CA04C8BC2D88}.Release15|x64.Build.0 = Release|Any CPU
		{4C10CEBC-AFA4-425A-A87C-CA04C8BC2D88}.Release16|Any CPU.ActiveCfg = Release|Any CPU
		{4C10CEBC-AFA4-425A-A87C-CA04C8BC2D88}.Release16|Any CPU.Build.0 = Release|Any CPU
		{4C10CEBC-AFA4-425A-A87C-CA04C8BC2D88}.Release16|x64.ActiveCfg = Release|Any CPU
		{4C10CEBC-AFA4-425A-A87C-CA04C8BC2D88}.Release16|x64.Build.0 = Release|Any CPU
		{4C10CEBC-AFA4-425A-A87C-CA04C8BC2D88}.Release19|Any CPU.ActiveCfg = Release|Any CPU
		{4C10CEBC-AFA4-425A-A87C-CA04C8BC2D88}.Release19|Any CPU.Build.0 = Release|Any CPU
		{4C10CEBC-AFA4-425A-A87C-CA04C8BC2D88}.Release19|x64.ActiveCfg = Release|Any CPU
		{4C10CEBC-AFA4-425A-A87C-CA04C8BC2D88}.Release19|x64.Build.0 = Release|Any CPU
		{63FDF3F5-BB6D-4459-9F83-C64DE73B4484}.Debug|Any CPU.ActiveCfg = Debug|Any CPU
		{63FDF3F5-BB6D-4459-9F83-C64DE73B4484}.Debug|Any CPU.Build.0 = Debug|Any CPU
		{63FDF3F5-BB6D-4459-9F83-C64DE73B4484}.Debug|x64.ActiveCfg = Debug|Any CPU
		{63FDF3F5-BB6D-4459-9F83-C64DE73B4484}.Debug15|Any CPU.ActiveCfg = Debug|Any CPU
		{63FDF3F5-BB6D-4459-9F83-C64DE73B4484}.Debug15|Any CPU.Build.0 = Debug|Any CPU
		{63FDF3F5-BB6D-4459-9F83-C64DE73B4484}.Debug15|x64.ActiveCfg = Debug|Any CPU
		{63FDF3F5-BB6D-4459-9F83-C64DE73B4484}.Debug15|x64.Build.0 = Debug|Any CPU
		{63FDF3F5-BB6D-4459-9F83-C64DE73B4484}.Debug16|Any CPU.ActiveCfg = Debug|Any CPU
		{63FDF3F5-BB6D-4459-9F83-C64DE73B4484}.Debug16|Any CPU.Build.0 = Debug|Any CPU
		{63FDF3F5-BB6D-4459-9F83-C64DE73B4484}.Debug16|x64.ActiveCfg = Debug|Any CPU
		{63FDF3F5-BB6D-4459-9F83-C64DE73B4484}.Debug16|x64.Build.0 = Debug|Any CPU
		{63FDF3F5-BB6D-4459-9F83-C64DE73B4484}.Debug19|Any CPU.ActiveCfg = Debug|Any CPU
		{63FDF3F5-BB6D-4459-9F83-C64DE73B4484}.Debug19|Any CPU.Build.0 = Debug|Any CPU
		{63FDF3F5-BB6D-4459-9F83-C64DE73B4484}.Debug19|x64.ActiveCfg = Debug|Any CPU
		{63FDF3F5-BB6D-4459-9F83-C64DE73B4484}.Debug19|x64.Build.0 = Debug|Any CPU
		{63FDF3F5-BB6D-4459-9F83-C64DE73B4484}.Release|Any CPU.ActiveCfg = Release|Any CPU
		{63FDF3F5-BB6D-4459-9F83-C64DE73B4484}.Release|Any CPU.Build.0 = Release|Any CPU
		{63FDF3F5-BB6D-4459-9F83-C64DE73B4484}.Release|x64.ActiveCfg = Release|Any CPU
		{63FDF3F5-BB6D-4459-9F83-C64DE73B4484}.Release15|Any CPU.ActiveCfg = Release|Any CPU
		{63FDF3F5-BB6D-4459-9F83-C64DE73B4484}.Release15|Any CPU.Build.0 = Release|Any CPU
		{63FDF3F5-BB6D-4459-9F83-C64DE73B4484}.Release15|x64.ActiveCfg = Release|Any CPU
		{63FDF3F5-BB6D-4459-9F83-C64DE73B4484}.Release15|x64.Build.0 = Release|Any CPU
		{63FDF3F5-BB6D-4459-9F83-C64DE73B4484}.Release16|Any CPU.ActiveCfg = Release|Any CPU
		{63FDF3F5-BB6D-4459-9F83-C64DE73B4484}.Release16|Any CPU.Build.0 = Release|Any CPU
		{63FDF3F5-BB6D-4459-9F83-C64DE73B4484}.Release16|x64.ActiveCfg = Release|Any CPU
		{63FDF3F5-BB6D-4459-9F83-C64DE73B4484}.Release16|x64.Build.0 = Release|Any CPU
		{63FDF3F5-BB6D-4459-9F83-C64DE73B4484}.Release19|Any CPU.ActiveCfg = Release|Any CPU
		{63FDF3F5-BB6D-4459-9F83-C64DE73B4484}.Release19|Any CPU.Build.0 = Release|Any CPU
		{63FDF3F5-BB6D-4459-9F83-C64DE73B4484}.Release19|x64.ActiveCfg = Release|Any CPU
		{63FDF3F5-BB6D-4459-9F83-C64DE73B4484}.Release19|x64.Build.0 = Release|Any CPU
		{9FFBAFCB-2892-4F84-9DD1-67BE7CC67BB0}.Debug|Any CPU.ActiveCfg = Debug|Any CPU
		{9FFBAFCB-2892-4F84-9DD1-67BE7CC67BB0}.Debug|Any CPU.Build.0 = Debug|Any CPU
		{9FFBAFCB-2892-4F84-9DD1-67BE7CC67BB0}.Debug|x64.ActiveCfg = Debug|Any CPU
		{9FFBAFCB-2892-4F84-9DD1-67BE7CC67BB0}.Debug15|Any CPU.ActiveCfg = Debug|Any CPU
		{9FFBAFCB-2892-4F84-9DD1-67BE7CC67BB0}.Debug15|Any CPU.Build.0 = Debug|Any CPU
		{9FFBAFCB-2892-4F84-9DD1-67BE7CC67BB0}.Debug15|x64.ActiveCfg = Debug|Any CPU
		{9FFBAFCB-2892-4F84-9DD1-67BE7CC67BB0}.Debug15|x64.Build.0 = Debug|Any CPU
		{9FFBAFCB-2892-4F84-9DD1-67BE7CC67BB0}.Debug16|Any CPU.ActiveCfg = Debug|Any CPU
		{9FFBAFCB-2892-4F84-9DD1-67BE7CC67BB0}.Debug16|Any CPU.Build.0 = Debug|Any CPU
		{9FFBAFCB-2892-4F84-9DD1-67BE7CC67BB0}.Debug16|x64.ActiveCfg = Debug|Any CPU
		{9FFBAFCB-2892-4F84-9DD1-67BE7CC67BB0}.Debug16|x64.Build.0 = Debug|Any CPU
		{9FFBAFCB-2892-4F84-9DD1-67BE7CC67BB0}.Debug19|Any CPU.ActiveCfg = Debug|Any CPU
		{9FFBAFCB-2892-4F84-9DD1-67BE7CC67BB0}.Debug19|Any CPU.Build.0 = Debug|Any CPU
		{9FFBAFCB-2892-4F84-9DD1-67BE7CC67BB0}.Debug19|x64.ActiveCfg = Debug|Any CPU
		{9FFBAFCB-2892-4F84-9DD1-67BE7CC67BB0}.Debug19|x64.Build.0 = Debug|Any CPU
		{9FFBAFCB-2892-4F84-9DD1-67BE7CC67BB0}.Release|Any CPU.ActiveCfg = Release|Any CPU
		{9FFBAFCB-2892-4F84-9DD1-67BE7CC67BB0}.Release|Any CPU.Build.0 = Release|Any CPU
		{9FFBAFCB-2892-4F84-9DD1-67BE7CC67BB0}.Release|x64.ActiveCfg = Release|Any CPU
		{9FFBAFCB-2892-4F84-9DD1-67BE7CC67BB0}.Release15|Any CPU.ActiveCfg = Release|Any CPU
		{9FFBAFCB-2892-4F84-9DD1-67BE7CC67BB0}.Release15|Any CPU.Build.0 = Release|Any CPU
		{9FFBAFCB-2892-4F84-9DD1-67BE7CC67BB0}.Release15|x64.ActiveCfg = Release|Any CPU
		{9FFBAFCB-2892-4F84-9DD1-67BE7CC67BB0}.Release15|x64.Build.0 = Release|Any CPU
		{9FFBAFCB-2892-4F84-9DD1-67BE7CC67BB0}.Release16|Any CPU.ActiveCfg = Release|Any CPU
		{9FFBAFCB-2892-4F84-9DD1-67BE7CC67BB0}.Release16|Any CPU.Build.0 = Release|Any CPU
		{9FFBAFCB-2892-4F84-9DD1-67BE7CC67BB0}.Release16|x64.ActiveCfg = Release|Any CPU
		{9FFBAFCB-2892-4F84-9DD1-67BE7CC67BB0}.Release16|x64.Build.0 = Release|Any CPU
		{9FFBAFCB-2892-4F84-9DD1-67BE7CC67BB0}.Release19|Any CPU.ActiveCfg = Release|Any CPU
		{9FFBAFCB-2892-4F84-9DD1-67BE7CC67BB0}.Release19|Any CPU.Build.0 = Release|Any CPU
		{9FFBAFCB-2892-4F84-9DD1-67BE7CC67BB0}.Release19|x64.ActiveCfg = Release|Any CPU
		{9FFBAFCB-2892-4F84-9DD1-67BE7CC67BB0}.Release19|x64.Build.0 = Release|Any CPU
		{978149EA-1411-494D-8C27-CFF1C40F1BD6}.Debug|Any CPU.ActiveCfg = Debug|Any CPU
		{978149EA-1411-494D-8C27-CFF1C40F1BD6}.Debug|Any CPU.Build.0 = Debug|Any CPU
		{978149EA-1411-494D-8C27-CFF1C40F1BD6}.Debug|x64.ActiveCfg = Debug|Any CPU
		{978149EA-1411-494D-8C27-CFF1C40F1BD6}.Debug|x64.Build.0 = Debug|Any CPU
		{978149EA-1411-494D-8C27-CFF1C40F1BD6}.Debug15|Any CPU.ActiveCfg = Debug|Any CPU
		{978149EA-1411-494D-8C27-CFF1C40F1BD6}.Debug15|Any CPU.Build.0 = Debug|Any CPU
		{978149EA-1411-494D-8C27-CFF1C40F1BD6}.Debug15|x64.ActiveCfg = Debug|Any CPU
		{978149EA-1411-494D-8C27-CFF1C40F1BD6}.Debug15|x64.Build.0 = Debug|Any CPU
		{978149EA-1411-494D-8C27-CFF1C40F1BD6}.Debug16|Any CPU.ActiveCfg = Debug|Any CPU
		{978149EA-1411-494D-8C27-CFF1C40F1BD6}.Debug16|Any CPU.Build.0 = Debug|Any CPU
		{978149EA-1411-494D-8C27-CFF1C40F1BD6}.Debug16|x64.ActiveCfg = Debug|Any CPU
		{978149EA-1411-494D-8C27-CFF1C40F1BD6}.Debug16|x64.Build.0 = Debug|Any CPU
		{978149EA-1411-494D-8C27-CFF1C40F1BD6}.Debug19|Any CPU.ActiveCfg = Debug|Any CPU
		{978149EA-1411-494D-8C27-CFF1C40F1BD6}.Debug19|Any CPU.Build.0 = Debug|Any CPU
		{978149EA-1411-494D-8C27-CFF1C40F1BD6}.Debug19|x64.ActiveCfg = Debug|Any CPU
		{978149EA-1411-494D-8C27-CFF1C40F1BD6}.Debug19|x64.Build.0 = Debug|Any CPU
		{978149EA-1411-494D-8C27-CFF1C40F1BD6}.Release|Any CPU.ActiveCfg = Release|Any CPU
		{978149EA-1411-494D-8C27-CFF1C40F1BD6}.Release|Any CPU.Build.0 = Release|Any CPU
		{978149EA-1411-494D-8C27-CFF1C40F1BD6}.Release|x64.ActiveCfg = Release|Any CPU
		{978149EA-1411-494D-8C27-CFF1C40F1BD6}.Release|x64.Build.0 = Release|Any CPU
		{978149EA-1411-494D-8C27-CFF1C40F1BD6}.Release15|Any CPU.ActiveCfg = Release|Any CPU
		{978149EA-1411-494D-8C27-CFF1C40F1BD6}.Release15|Any CPU.Build.0 = Release|Any CPU
		{978149EA-1411-494D-8C27-CFF1C40F1BD6}.Release15|x64.ActiveCfg = Release|Any CPU
		{978149EA-1411-494D-8C27-CFF1C40F1BD6}.Release15|x64.Build.0 = Release|Any CPU
		{978149EA-1411-494D-8C27-CFF1C40F1BD6}.Release16|Any CPU.ActiveCfg = Release|Any CPU
		{978149EA-1411-494D-8C27-CFF1C40F1BD6}.Release16|Any CPU.Build.0 = Release|Any CPU
		{978149EA-1411-494D-8C27-CFF1C40F1BD6}.Release16|x64.ActiveCfg = Release|Any CPU
		{978149EA-1411-494D-8C27-CFF1C40F1BD6}.Release16|x64.Build.0 = Release|Any CPU
		{978149EA-1411-494D-8C27-CFF1C40F1BD6}.Release19|Any CPU.ActiveCfg = Release|Any CPU
		{978149EA-1411-494D-8C27-CFF1C40F1BD6}.Release19|Any CPU.Build.0 = Release|Any CPU
		{978149EA-1411-494D-8C27-CFF1C40F1BD6}.Release19|x64.ActiveCfg = Release|Any CPU
		{978149EA-1411-494D-8C27-CFF1C40F1BD6}.Release19|x64.Build.0 = Release|Any CPU
		{F30ABA79-A45A-428C-ADB2-3FC538F3E255}.Debug|Any CPU.ActiveCfg = Debug|Any CPU
		{F30ABA79-A45A-428C-ADB2-3FC538F3E255}.Debug|Any CPU.Build.0 = Debug|Any CPU
		{F30ABA79-A45A-428C-ADB2-3FC538F3E255}.Debug|x64.ActiveCfg = Debug|Any CPU
		{F30ABA79-A45A-428C-ADB2-3FC538F3E255}.Debug|x64.Build.0 = Debug|Any CPU
		{F30ABA79-A45A-428C-ADB2-3FC538F3E255}.Debug15|Any CPU.ActiveCfg = Debug|Any CPU
		{F30ABA79-A45A-428C-ADB2-3FC538F3E255}.Debug15|Any CPU.Build.0 = Debug|Any CPU
		{F30ABA79-A45A-428C-ADB2-3FC538F3E255}.Debug15|x64.ActiveCfg = Debug|Any CPU
		{F30ABA79-A45A-428C-ADB2-3FC538F3E255}.Debug15|x64.Build.0 = Debug|Any CPU
		{F30ABA79-A45A-428C-ADB2-3FC538F3E255}.Debug16|Any CPU.ActiveCfg = Debug|Any CPU
		{F30ABA79-A45A-428C-ADB2-3FC538F3E255}.Debug16|Any CPU.Build.0 = Debug|Any CPU
		{F30ABA79-A45A-428C-ADB2-3FC538F3E255}.Debug16|x64.ActiveCfg = Debug|Any CPU
		{F30ABA79-A45A-428C-ADB2-3FC538F3E255}.Debug16|x64.Build.0 = Debug|Any CPU
		{F30ABA79-A45A-428C-ADB2-3FC538F3E255}.Debug19|Any CPU.ActiveCfg = Debug|Any CPU
		{F30ABA79-A45A-428C-ADB2-3FC538F3E255}.Debug19|Any CPU.Build.0 = Debug|Any CPU
		{F30ABA79-A45A-428C-ADB2-3FC538F3E255}.Debug19|x64.ActiveCfg = Debug|Any CPU
		{F30ABA79-A45A-428C-ADB2-3FC538F3E255}.Debug19|x64.Build.0 = Debug|Any CPU
		{F30ABA79-A45A-428C-ADB2-3FC538F3E255}.Release|Any CPU.ActiveCfg = Release|Any CPU
		{F30ABA79-A45A-428C-ADB2-3FC538F3E255}.Release|Any CPU.Build.0 = Release|Any CPU
		{F30ABA79-A45A-428C-ADB2-3FC538F3E255}.Release|x64.ActiveCfg = Release|Any CPU
		{F30ABA79-A45A-428C-ADB2-3FC538F3E255}.Release|x64.Build.0 = Release|Any CPU
		{F30ABA79-A45A-428C-ADB2-3FC538F3E255}.Release15|Any CPU.ActiveCfg = Release|Any CPU
		{F30ABA79-A45A-428C-ADB2-3FC538F3E255}.Release15|Any CPU.Build.0 = Release|Any CPU
		{F30ABA79-A45A-428C-ADB2-3FC538F3E255}.Release15|x64.ActiveCfg = Release|Any CPU
		{F30ABA79-A45A-428C-ADB2-3FC538F3E255}.Release15|x64.Build.0 = Release|Any CPU
		{F30ABA79-A45A-428C-ADB2-3FC538F3E255}.Release16|Any CPU.ActiveCfg = Release|Any CPU
		{F30ABA79-A45A-428C-ADB2-3FC538F3E255}.Release16|Any CPU.Build.0 = Release|Any CPU
		{F30ABA79-A45A-428C-ADB2-3FC538F3E255}.Release16|x64.ActiveCfg = Release|Any CPU
		{F30ABA79-A45A-428C-ADB2-3FC538F3E255}.Release16|x64.Build.0 = Release|Any CPU
		{F30ABA79-A45A-428C-ADB2-3FC538F3E255}.Release19|Any CPU.ActiveCfg = Release|Any CPU
		{F30ABA79-A45A-428C-ADB2-3FC538F3E255}.Release19|Any CPU.Build.0 = Release|Any CPU
		{F30ABA79-A45A-428C-ADB2-3FC538F3E255}.Release19|x64.ActiveCfg = Release|Any CPU
		{F30ABA79-A45A-428C-ADB2-3FC538F3E255}.Release19|x64.Build.0 = Release|Any CPU
		{401282E0-C0B5-4F68-B77D-46D215A4228F}.Debug|Any CPU.ActiveCfg = Debug|Any CPU
		{401282E0-C0B5-4F68-B77D-46D215A4228F}.Debug|Any CPU.Build.0 = Debug|Any CPU
		{401282E0-C0B5-4F68-B77D-46D215A4228F}.Debug|x64.ActiveCfg = Debug|Any CPU
		{401282E0-C0B5-4F68-B77D-46D215A4228F}.Debug|x64.Build.0 = Debug|Any CPU
		{401282E0-C0B5-4F68-B77D-46D215A4228F}.Debug15|Any CPU.ActiveCfg = Debug|Any CPU
		{401282E0-C0B5-4F68-B77D-46D215A4228F}.Debug15|Any CPU.Build.0 = Debug|Any CPU
		{401282E0-C0B5-4F68-B77D-46D215A4228F}.Debug15|x64.ActiveCfg = Debug|Any CPU
		{401282E0-C0B5-4F68-B77D-46D215A4228F}.Debug15|x64.Build.0 = Debug|Any CPU
		{401282E0-C0B5-4F68-B77D-46D215A4228F}.Debug16|Any CPU.ActiveCfg = Debug|Any CPU
		{401282E0-C0B5-4F68-B77D-46D215A4228F}.Debug16|Any CPU.Build.0 = Debug|Any CPU
		{401282E0-C0B5-4F68-B77D-46D215A4228F}.Debug16|x64.ActiveCfg = Debug|Any CPU
		{401282E0-C0B5-4F68-B77D-46D215A4228F}.Debug16|x64.Build.0 = Debug|Any CPU
		{401282E0-C0B5-4F68-B77D-46D215A4228F}.Debug19|Any CPU.ActiveCfg = Debug|Any CPU
		{401282E0-C0B5-4F68-B77D-46D215A4228F}.Debug19|Any CPU.Build.0 = Debug|Any CPU
		{401282E0-C0B5-4F68-B77D-46D215A4228F}.Debug19|x64.ActiveCfg = Debug|Any CPU
		{401282E0-C0B5-4F68-B77D-46D215A4228F}.Debug19|x64.Build.0 = Debug|Any CPU
		{401282E0-C0B5-4F68-B77D-46D215A4228F}.Release|Any CPU.ActiveCfg = Release|Any CPU
		{401282E0-C0B5-4F68-B77D-46D215A4228F}.Release|Any CPU.Build.0 = Release|Any CPU
		{401282E0-C0B5-4F68-B77D-46D215A4228F}.Release|x64.ActiveCfg = Release|Any CPU
		{401282E0-C0B5-4F68-B77D-46D215A4228F}.Release|x64.Build.0 = Release|Any CPU
		{401282E0-C0B5-4F68-B77D-46D215A4228F}.Release15|Any CPU.ActiveCfg = Release|Any CPU
		{401282E0-C0B5-4F68-B77D-46D215A4228F}.Release15|Any CPU.Build.0 = Release|Any CPU
		{401282E0-C0B5-4F68-B77D-46D215A4228F}.Release15|x64.ActiveCfg = Release|Any CPU
		{401282E0-C0B5-4F68-B77D-46D215A4228F}.Release15|x64.Build.0 = Release|Any CPU
		{401282E0-C0B5-4F68-B77D-46D215A4228F}.Release16|Any CPU.ActiveCfg = Release|Any CPU
		{401282E0-C0B5-4F68-B77D-46D215A4228F}.Release16|Any CPU.Build.0 = Release|Any CPU
		{401282E0-C0B5-4F68-B77D-46D215A4228F}.Release16|x64.ActiveCfg = Release|Any CPU
		{401282E0-C0B5-4F68-B77D-46D215A4228F}.Release16|x64.Build.0 = Release|Any CPU
		{401282E0-C0B5-4F68-B77D-46D215A4228F}.Release19|Any CPU.ActiveCfg = Release|Any CPU
		{401282E0-C0B5-4F68-B77D-46D215A4228F}.Release19|Any CPU.Build.0 = Release|Any CPU
		{401282E0-C0B5-4F68-B77D-46D215A4228F}.Release19|x64.ActiveCfg = Release|Any CPU
		{401282E0-C0B5-4F68-B77D-46D215A4228F}.Release19|x64.Build.0 = Release|Any CPU
	EndGlobalSection
	GlobalSection(SolutionProperties) = preSolution
		HideSolutionNode = FALSE
	EndGlobalSection
	GlobalSection(ExtensibilityGlobals) = postSolution
		SolutionGuid = {931676E4-F9EE-4C70-BDF1-AB22B39E5684}
	EndGlobalSection
EndGlobal
